// !$*UTF8*$!
{
	archiveVersion = 1;
	classes = {
	};
	objectVersion = 46;
	objects = {

/* Begin PBXBuildFile section */
		BE998ED91F6F582200E387A3 /* AppDelegate.swift in Sources */ = {isa = PBXBuildFile; fileRef = BE998ED81F6F582200E387A3 /* AppDelegate.swift */; };
		BE998EDB1F6F582200E387A3 /* ViewController.swift in Sources */ = {isa = PBXBuildFile; fileRef = BE998EDA1F6F582200E387A3 /* ViewController.swift */; };
		BE998EDE1F6F582200E387A3 /* Main.storyboard in Resources */ = {isa = PBXBuildFile; fileRef = BE998EDC1F6F582200E387A3 /* Main.storyboard */; };
		BE998EE01F6F582200E387A3 /* Assets.xcassets in Resources */ = {isa = PBXBuildFile; fileRef = BE998EDF1F6F582200E387A3 /* Assets.xcassets */; };
		BE998EE31F6F582200E387A3 /* LaunchScreen.storyboard in Resources */ = {isa = PBXBuildFile; fileRef = BE998EE11F6F582200E387A3 /* LaunchScreen.storyboard */; };
/* End PBXBuildFile section */

/* Begin PBXFileReference section */
		BE998ED51F6F582200E387A3 /* collection-view-test.app */ = {isa = PBXFileReference; explicitFileType = wrapper.application; includeInIndex = 0; path = "collection-view-test.app"; sourceTree = BUILT_PRODUCTS_DIR; };
		BE998ED81F6F582200E387A3 /* AppDelegate.swift */ = {isa = PBXFileReference; lastKnownFileType = sourcecode.swift; path = AppDelegate.swift; sourceTree = "<group>"; };
		BE998EDA1F6F582200E387A3 /* ViewController.swift */ = {isa = PBXFileReference; lastKnownFileType = sourcecode.swift; path = ViewController.swift; sourceTree = "<group>"; };
		BE998EDD1F6F582200E387A3 /* Base */ = {isa = PBXFileReference; lastKnownFileType = file.storyboard; name = Base; path = Base.lproj/Main.storyboard; sourceTree = "<group>"; };
		BE998EDF1F6F582200E387A3 /* Assets.xcassets */ = {isa = PBXFileReference; lastKnownFileType = folder.assetcatalog; path = Assets.xcassets; sourceTree = "<group>"; };
		BE998EE21F6F582200E387A3 /* Base */ = {isa = PBXFileReference; lastKnownFileType = file.storyboard; name = Base; path = Base.lproj/LaunchScreen.storyboard; sourceTree = "<group>"; };
		BE998EE41F6F582200E387A3 /* Info.plist */ = {isa = PBXFileReference; lastKnownFileType = text.plist.xml; path = Info.plist; sourceTree = "<group>"; };
/* End PBXFileReference section */

/* Begin PBXFrameworksBuildPhase section */
		BE998ED21F6F582200E387A3 /* Frameworks */ = {
			isa = PBXFrameworksBuildPhase;
			buildActionMask = 2147483647;
			files = (
			);
			runOnlyForDeploymentPostprocessing = 0;
		};
/* End PBXFrameworksBuildPhase section */

/* Begin PBXGroup section */
		BE998ECC1F6F582200E387A3 = {
			isa = PBXGroup;
			children = (
				BE998ED71F6F582200E387A3 /* collection-view-test */,
				BE998ED61F6F582200E387A3 /* Products */,
			);
			sourceTree = "<group>";
		};
		BE998ED61F6F582200E387A3 /* Products */ = {
			isa = PBXGroup;
			children = (
				BE998ED51F6F582200E387A3 /* collection-view-test.app */,
			);
			name = Products;
			sourceTree = "<group>";
		};
		BE998ED71F6F582200E387A3 /* collection-view-test */ = {
			isa = PBXGroup;
			children = (
				BE998ED81F6F582200E387A3 /* AppDelegate.swift */,
				BE998EDA1F6F582200E387A3 /* ViewController.swift */,
				BE998EDC1F6F582200E387A3 /* Main.storyboard */,
				BE998EDF1F6F582200E387A3 /* Assets.xcassets */,
				BE998EE11F6F582200E387A3 /* LaunchScreen.storyboard */,
				BE998EE41F6F582200E387A3 /* Info.plist */,
			);
			path = "collection-view-test";
			sourceTree = "<group>";
		};
/* End PBXGroup section */

/* Begin PBXNativeTarget section */
		BE998ED41F6F582200E387A3 /* collection-view-test */ = {
			isa = PBXNativeTarget;
			buildConfigurationList = BE998EE71F6F582200E387A3 /* Build configuration list for PBXNativeTarget "collection-view-test" */;
			buildPhases = (
				BE998ED11F6F582200E387A3 /* Sources */,
				BE998ED21F6F582200E387A3 /* Frameworks */,
				BE998ED31F6F582200E387A3 /* Resources */,
			);
			buildRules = (
			);
			dependencies = (
			);
			name = "collection-view-test";
			productName = "collection-view-test";
			productReference = BE998ED51F6F582200E387A3 /* collection-view-test.app */;
			productType = "com.apple.product-type.application";
		};
/* End PBXNativeTarget section */

/* Begin PBXProject section */
		BE998ECD1F6F582200E387A3 /* Project object */ = {
			isa = PBXProject;
			attributes = {
				LastSwiftUpdateCheck = 0830;
				LastUpgradeCheck = 0830;
				ORGANIZATIONNAME = "Henrique Nascimento";
				TargetAttributes = {
					BE998ED41F6F582200E387A3 = {
						CreatedOnToolsVersion = 8.3.3;
						ProvisioningStyle = Automatic;
					};
				};
			};
			buildConfigurationList = BE998ED01F6F582200E387A3 /* Build configuration list for PBXProject "collection-view-test" */;
			compatibilityVersion = "Xcode 3.2";
			developmentRegion = English;
			hasScannedForEncodings = 0;
			knownRegions = (
				en,
				Base,
			);
			mainGroup = BE998ECC1F6F582200E387A3;
			productRefGroup = BE998ED61F6F582200E387A3 /* Products */;
			projectDirPath = "";
			projectRoot = "";
			targets = (
				BE998ED41F6F582200E387A3 /* collection-view-test */,
			);
		};
/* End PBXProject section */

/* Begin PBXResourcesBuildPhase section */
		BE998ED31F6F582200E387A3 /* Resources */ = {
			isa = PBXResourcesBuildPhase;
			buildActionMask = 2147483647;
			files = (
				BE998EE31F6F582200E387A3 /* LaunchScreen.storyboard in Resources */,
				BE998EE01F6F582200E387A3 /* Assets.xcassets in Resources */,
				BE998EDE1F6F582200E387A3 /* Main.storyboard in Resources */,
			);
			runOnlyForDeploymentPostprocessing = 0;
		};
/* End PBXResourcesBuildPhase section */

/* Begin PBXSourcesBuildPhase section */
		BE998ED11F6F582200E387A3 /* Sources */ = {
			isa = PBXSourcesBuildPhase;
			buildActionMask = 2147483647;
			files = (
				BE998EDB1F6F582200E387A3 /* ViewController.swift in Sources */,
				BE998ED91F6F582200E387A3 /* AppDelegate.swift in Sources */,
			);
			runOnlyForDeploymentPostprocessing = 0;
		};
/* End PBXSourcesBuildPhase section */

/* Begin PBXVariantGroup section */
		BE998EDC1F6F582200E387A3 /* Main.storyboard */ = {
			isa = PBXVariantGroup;
			children = (
				BE998EDD1F6F582200E387A3 /* Base */,
			);
			name = Main.storyboard;
			sourceTree = "<group>";
		};
		BE998EE11F6F582200E387A3 /* LaunchScreen.storyboard */ = {
			isa = PBXVariantGroup;
			children = (
				BE998EE21F6F582200E387A3 /* Base */,
			);
			name = LaunchScreen.storyboard;
			sourceTree = "<group>";
		};
/* End PBXVariantGroup section */

/* Begin XCBuildConfiguration section */
		BE998EE51F6F582200E387A3 /* Debug */ = {
			isa = XCBuildConfiguration;
			buildSettings = {
				ALWAYS_SEARCH_USER_PATHS = NO;
				CLANG_ANALYZER_NONNULL = YES;
				CLANG_ANALYZER_NUMBER_OBJECT_CONVERSION = YES_AGGRESSIVE;
				CLANG_CXX_LANGUAGE_STANDARD = "gnu++0x";
				CLANG_CXX_LIBRARY = "libc++";
				CLANG_ENABLE_MODULES = YES;
				CLANG_ENABLE_OBJC_ARC = YES;
				CLANG_WARN_BOOL_CONVERSION = YES;
				CLANG_WARN_CONSTANT_CONVERSION = YES;
				CLANG_WARN_DIRECT_OBJC_ISA_USAGE = YES_ERROR;
				CLANG_WARN_DOCUMENTATION_COMMENTS = YES;
				CLANG_WARN_EMPTY_BODY = YES;
				CLANG_WARN_ENUM_CONVERSION = YES;
				CLANG_WARN_INFINITE_RECURSION = YES;
				CLANG_WARN_INT_CONVERSION = YES;
				CLANG_WARN_OBJC_ROOT_CLASS = YES_ERROR;
				CLANG_WARN_SUSPICIOUS_MOVE = YES;
				CLANG_WARN_UNREACHABLE_CODE = YES;
				CLANG_WARN__DUPLICATE_METHOD_MATCH = YES;
				"CODE_SIGN_IDENTITY[sdk=iphoneos*]" = "iPhone Developer";
				COPY_PHASE_STRIP = NO;
				DEBUG_INFORMATION_FORMAT = dwarf;
				ENABLE_STRICT_OBJC_MSGSEND = YES;
				ENABLE_TESTABILITY = YES;
				GCC_C_LANGUAGE_STANDARD = gnu99;
				GCC_DYNAMIC_NO_PIC = NO;
				GCC_NO_COMMON_BLOCKS = YES;
				GCC_OPTIMIZATION_LEVEL = 0;
				GCC_PREPROCESSOR_DEFINITIONS = (
					"DEBUG=1",
					"$(inherited)",
				);
				GCC_WARN_64_TO_32_BIT_CONVERSION = YES;
				GCC_WARN_ABOUT_RETURN_TYPE = YES_ERROR;
				GCC_WARN_UNDECLARED_SELECTOR = YES;
				GCC_WARN_UNINITIALIZED_AUTOS = YES_AGGRESSIVE;
				GCC_WARN_UNUSED_FUNCTION = YES;
				GCC_WARN_UNUSED_VARIABLE = YES;
				IPHONEOS_DEPLOYMENT_TARGET = 10.3;
				MTL_ENABLE_DEBUG_INFO = YES;
				ONLY_ACTIVE_ARCH = YES;
				SDKROOT = iphoneos;
				SWIFT_ACTIVE_COMPILATION_CONDITIONS = DEBUG;
				SWIFT_OPTIMIZATION_LEVEL = "-Onone";
				TARGETED_DEVICE_FAMILY = 2;
			};
			name = Debug;
		};
		BE998EE61F6F582200E387A3 /* Release */ = {
			isa = XCBuildConfiguration;
			buildSettings = {
				ALWAYS_SEARCH_USER_PATHS = NO;
				CLANG_ANALYZER_NONNULL = YES;
				CLANG_ANALYZER_NUMBER_OBJECT_CONVERSION = YES_AGGRESSIVE;
				CLANG_CXX_LANGUAGE_STANDARD = "gnu++0x";
				CLANG_CXX_LIBRARY = "libc++";
				CLANG_ENABLE_MODULES = YES;
				CLANG_ENABLE_OBJC_ARC = YES;
				CLANG_WARN_BOOL_CONVERSION = YES;
				CLANG_WARN_CONSTANT_CONVERSION = YES;
				CLANG_WARN_DIRECT_OBJC_ISA_USAGE = YES_ERROR;
				CLANG_WARN_DOCUMENTATION_COMMENTS = YES;
				CLANG_WARN_EMPTY_BODY = YES;
				CLANG_WARN_ENUM_CONVERSION = YES;
				CLANG_WARN_INFINITE_RECURSION = YES;
				CLANG_WARN_INT_CONVERSION = YES;
				CLANG_WARN_OBJC_ROOT_CLASS = YES_ERROR;
				CLANG_WARN_SUSPICIOUS_MOVE = YES;
				CLANG_WARN_UNREACHABLE_CODE = YES;
				CLANG_WARN__DUPLICATE_METHOD_MATCH = YES;
				"CODE_SIGN_IDENTITY[sdk=iphoneos*]" = "iPhone Developer";
				COPY_PHASE_STRIP = NO;
				DEBUG_INFORMATION_FORMAT = "dwarf-with-dsym";
				ENABLE_NS_ASSERTIONS = NO;
				ENABLE_STRICT_OBJC_MSGSEND = YES;
				GCC_C_LANGUAGE_STANDARD = gnu99;
				GCC_NO_COMMON_BLOCKS = YES;
				GCC_WARN_64_TO_32_BIT_CONVERSION = YES;
				GCC_WARN_ABOUT_RETURN_TYPE = YES_ERROR;
				GCC_WARN_UNDECLARED_SELECTOR = YES;
				GCC_WARN_UNINITIALIZED_AUTOS = YES_AGGRESSIVE;
				GCC_WARN_UNUSED_FUNCTION = YES;
				GCC_WARN_UNUSED_VARIABLE = YES;
				IPHONEOS_DEPLOYMENT_TARGET = 10.3;
				MTL_ENABLE_DEBUG_INFO = NO;
				SDKROOT = iphoneos;
				SWIFT_OPTIMIZATION_LEVEL = "-Owholemodule";
				TARGETED_DEVICE_FAMILY = 2;
				VALIDATE_PRODUCT = YES;
			};
			name = Release;
		};
		BE998EE81F6F582200E387A3 /* Debug */ = {
			isa = XCBuildConfiguration;
			buildSettings = {
				ASSETCATALOG_COMPILER_APPICON_NAME = AppIcon;
				INFOPLIST_FILE = "collection-view-test/Info.plist";
				LD_RUNPATH_SEARCH_PATHS = "$(inherited) @executable_path/Frameworks";
				PRODUCT_BUNDLE_IDENTIFIER = "com.hpan.collection-view-test";
				PRODUCT_NAME = "$(TARGET_NAME)";
				SWIFT_VERSION = 3.0;
			};
			name = Debug;
		};
		BE998EE91F6F582200E387A3 /* Release */ = {
			isa = XCBuildConfiguration;
			buildSettings = {
				ASSETCATALOG_COMPILER_APPICON_NAME = AppIcon;
				INFOPLIST_FILE = "collection-view-test/Info.plist";
				LD_RUNPATH_SEARCH_PATHS = "$(inherited) @executable_path/Frameworks";
				PRODUCT_BUNDLE_IDENTIFIER = "com.hpan.collection-view-test";
				PRODUCT_NAME = "$(TARGET_NAME)";
				SWIFT_VERSION = 3.0;
			};
			name = Release;
		};
/* End XCBuildConfiguration section */

/* Begin XCConfigurationList section */
		BE998ED01F6F582200E387A3 /* Build configuration list for PBXProject "collection-view-test" */ = {
			isa = XCConfigurationList;
			buildConfigurations = (
				BE998EE51F6F582200E387A3 /* Debug */,
				BE998EE61F6F582200E387A3 /* Release */,
			);
			defaultConfigurationIsVisible = 0;
			defaultConfigurationName = Release;
		};
		BE998EE71F6F582200E387A3 /* Build configuration list for PBXNativeTarget "collection-view-test" */ = {
			isa = XCConfigurationList;
			buildConfigurations = (
				BE998EE81F6F582200E387A3 /* Debug */,
				BE998EE91F6F582200E387A3 /* Release */,
			);
			defaultConfigurationIsVisible = 0;
		};
/* End XCConfigurationList section */
	};
	rootObject = BE998ECD1F6F582200E387A3 /* Project object */;
}
